
Microsoft Visual Studio Solution File, Format Version 12.00
# Visual Studio Version 17
VisualStudioVersion = 17.10.35013.160
MinimumVisualStudioVersion = 10.0.40219.1
Project("{9A19103F-16F7-4668-BE54-9A1E7A4F7556}") = "jwt-api", "jwt-api\jwt-api.csproj", "{714ACC44-00FE-459F-A465-3C242D4E483D}"
EndProject
Project("{9A19103F-16F7-4668-BE54-9A1E7A4F7556}") = "jwt-services", "jwt-services\jwt-services.csproj", "{E1F35E95-6EC0-418C-BDB0-888D082D4B20}"
EndProject
Project("{9A19103F-16F7-4668-BE54-9A1E7A4F7556}") = "jwt-models", "jwt-models\jwt-models.csproj", "{AADBE4D9-A625-4C76-9514-E0CF0473F971}"
EndProject
Global
	GlobalSection(SolutionConfigurationPlatforms) = preSolution
		Debug|Any CPU = Debug|Any CPU
		Release|Any CPU = Release|Any CPU
	EndGlobalSection
	GlobalSection(ProjectConfigurationPlatforms) = postSolution
		{714ACC44-00FE-459F-A465-3C242D4E483D}.Debug|Any CPU.ActiveCfg = Debug|Any CPU
		{714ACC44-00FE-459F-A465-3C242D4E483D}.Debug|Any CPU.Build.0 = Debug|Any CPU
		{714ACC44-00FE-459F-A465-3C242D4E483D}.Release|Any CPU.ActiveCfg = Release|Any CPU
		{714ACC44-00FE-459F-A465-3C242D4E483D}.Release|Any CPU.Build.0 = Release|Any CPU
		{E1F35E95-6EC0-418C-BDB0-888D082D4B20}.Debug|Any CPU.ActiveCfg = Debug|Any CPU
		{E1F35E95-6EC0-418C-BDB0-888D082D4B20}.Debug|Any CPU.Build.0 = Debug|Any CPU
		{E1F35E95-6EC0-418C-BDB0-888D082D4B20}.Release|Any CPU.ActiveCfg = Release|Any CPU
		{E1F35E95-6EC0-418C-BDB0-888D082D4B20}.Release|Any CPU.Build.0 = Release|Any CPU
		{AADBE4D9-A625-4C76-9514-E0CF0473F971}.Debug|Any CPU.ActiveCfg = Debug|Any CPU
		{AADBE4D9-A625-4C76-9514-E0CF0473F971}.Debug|Any CPU.Build.0 = Debug|Any CPU
		{AADBE4D9-A625-4C76-9514-E0CF0473F971}.Release|Any CPU.ActiveCfg = Release|Any CPU
		{AADBE4D9-A625-4C76-9514-E0CF0473F971}.Release|Any CPU.Build.0 = Release|Any CPU
	EndGlobalSection
	GlobalSection(SolutionProperties) = preSolution
		HideSolutionNode = FALSE
	EndGlobalSection
	GlobalSection(ExtensibilityGlobals) = postSolution
		SolutionGuid = {92F629EC-4D9A-4D38-B615-425E6086AF35}
	EndGlobalSection
EndGlobal
